PODS:
  - Alertift (4.1.1)
  - Kingfisher (5.10.0):
    - Kingfisher/Core (= 5.10.0)
  - Kingfisher/Core (5.10.0)
  - SEExtensions (0.0.1):
    - Alertift
    - Kingfisher
    - SwifterSwift
  - SwifterSwift (5.1.0):
    - SwifterSwift/AppKit (= 5.1.0)
    - SwifterSwift/CoreGraphics (= 5.1.0)
    - SwifterSwift/CoreLocation (= 5.1.0)
    - SwifterSwift/Dispatch (= 5.1.0)
    - SwifterSwift/Foundation (= 5.1.0)
    - SwifterSwift/MapKit (= 5.1.0)
    - SwifterSwift/SceneKit (= 5.1.0)
    - SwifterSwift/SpriteKit (= 5.1.0)
    - SwifterSwift/SwiftStdlib (= 5.1.0)
    - SwifterSwift/UIKit (= 5.1.0)
  - SwifterSwift/AppKit (5.1.0)
  - SwifterSwift/CoreGraphics (5.1.0)
  - SwifterSwift/CoreLocation (5.1.0)
  - SwifterSwift/Dispatch (5.1.0)
  - SwifterSwift/Foundation (5.1.0)
  - SwifterSwift/MapKit (5.1.0)
  - SwifterSwift/SceneKit (5.1.0)
  - SwifterSwift/SpriteKit (5.1.0)
  - SwifterSwift/SwiftStdlib (5.1.0)
  - SwifterSwift/UIKit (5.1.0)

DEPENDENCIES:
  - SEExtensions (from `./`)

SPEC REPOS:
  trunk:
    - Alertift
    - Kingfisher
    - SwifterSwift

EXTERNAL SOURCES:
  SEExtensions:
    :path: "./"

SPEC CHECKSUMS:
  Alertift: 950483ca193717cc8bb508a7dbbe34f4af321daf
  Kingfisher: 0bf6eae7c2193f15719915fecb7c2c1c03855f3d
  SEExtensions: 870c198dcb33ad3fcf4e7d07315736ed05757a69
  SwifterSwift: a9e8e144832638c2850b43da5feaf9598c6ad65b

PODFILE CHECKSUM: 105fa25258da187ed71aec97bcc6f75d61fc25a4

COCOAPODS: 1.8.3
